<Solution>
  <Project Path="HospitalManagementSystem.API/HospitalManagementSystem.API.csproj" />
  <Project Path="HospitalManagementSystem.Console/HospitalManagementSystem.Console.csproj" />
  <Project Path="HospitalManagementSystem.Core/HospitalManagementSystem.Core.csproj" />
  <Project Path="HospitalManagementSystem.Data/HospitalManagementSystem.Data.csproj" />
  <Project Path="HospitalManagementSystem.Tests/HospitalManagementSystem.Tests.csproj" />
</Solution>
